
Microsoft Visual Studio Solution File, Format Version 12.00
# Visual Studio 15
VisualStudioVersion = 15.0.26124.0
MinimumVisualStudioVersion = 15.0.26124.0
Project("{FAE04EC0-301F-11D3-BF4B-00C04F79EFBC}") = "ScottBrady.Pem.NetCore", "ScottBrady.Pem.NetCore\ScottBrady.Pem.NetCore.csproj", "{A35F108C-6FA7-4AE9-A633-2CB7938A827B}"
EndProject
Project("{FAE04EC0-301F-11D3-BF4B-00C04F79EFBC}") = "ScottBrady.Pem.Net", "ScottBrady.Pem.Net\ScottBrady.Pem.Net.csproj", "{795B7714-90A1-485E-9A3B-1B9260872602}"
EndProject
Global
	GlobalSection(SolutionConfigurationPlatforms) = preSolution
		Debug|Any CPU = Debug|Any CPU
		Debug|x64 = Debug|x64
		Debug|x86 = Debug|x86
		Release|Any CPU = Release|Any CPU
		Release|x64 = Release|x64
		Release|x86 = Release|x86
	EndGlobalSection
	GlobalSection(SolutionProperties) = preSolution
		HideSolutionNode = FALSE
	EndGlobalSection
	GlobalSection(ProjectConfigurationPlatforms) = postSolution
		{A35F108C-6FA7-4AE9-A633-2CB7938A827B}.Debug|Any CPU.ActiveCfg = Debug|Any CPU
		{A35F108C-6FA7-4AE9-A633-2CB7938A827B}.Debug|Any CPU.Build.0 = Debug|Any CPU
		{A35F108C-6FA7-4AE9-A633-2CB7938A827B}.Debug|x64.ActiveCfg = Debug|Any CPU
		{A35F108C-6FA7-4AE9-A633-2CB7938A827B}.Debug|x64.Build.0 = Debug|Any CPU
		{A35F108C-6FA7-4AE9-A633-2CB7938A827B}.Debug|x86.ActiveCfg = Debug|Any CPU
		{A35F108C-6FA7-4AE9-A633-2CB7938A827B}.Debug|x86.Build.0 = Debug|Any CPU
		{A35F108C-6FA7-4AE9-A633-2CB7938A827B}.Release|Any CPU.ActiveCfg = Release|Any CPU
		{A35F108C-6FA7-4AE9-A633-2CB7938A827B}.Release|Any CPU.Build.0 = Release|Any CPU
		{A35F108C-6FA7-4AE9-A633-2CB7938A827B}.Release|x64.ActiveCfg = Release|Any CPU
		{A35F108C-6FA7-4AE9-A633-2CB7938A827B}.Release|x64.Build.0 = Release|Any CPU
		{A35F108C-6FA7-4AE9-A633-2CB7938A827B}.Release|x86.ActiveCfg = Release|Any CPU
		{A35F108C-6FA7-4AE9-A633-2CB7938A827B}.Release|x86.Build.0 = Release|Any CPU
		{795B7714-90A1-485E-9A3B-1B9260872602}.Debug|Any CPU.ActiveCfg = Debug|Any CPU
		{795B7714-90A1-485E-9A3B-1B9260872602}.Debug|Any CPU.Build.0 = Debug|Any CPU
		{795B7714-90A1-485E-9A3B-1B9260872602}.Debug|x64.ActiveCfg = Debug|Any CPU
		{795B7714-90A1-485E-9A3B-1B9260872602}.Debug|x64.Build.0 = Debug|Any CPU
		{795B7714-90A1-485E-9A3B-1B9260872602}.Debug|x86.ActiveCfg = Debug|Any CPU
		{795B7714-90A1-485E-9A3B-1B9260872602}.Debug|x86.Build.0 = Debug|Any CPU
		{795B7714-90A1-485E-9A3B-1B9260872602}.Release|Any CPU.ActiveCfg = Release|Any CPU
		{795B7714-90A1-485E-9A3B-1B9260872602}.Release|Any CPU.Build.0 = Release|Any CPU
		{795B7714-90A1-485E-9A3B-1B9260872602}.Release|x64.ActiveCfg = Release|Any CPU
		{795B7714-90A1-485E-9A3B-1B9260872602}.Release|x64.Build.0 = Release|Any CPU
		{795B7714-90A1-485E-9A3B-1B9260872602}.Release|x86.ActiveCfg = Release|Any CPU
		{795B7714-90A1-485E-9A3B-1B9260872602}.Release|x86.Build.0 = Release|Any CPU
	EndGlobalSection
EndGlobal
