
Microsoft Visual Studio Solution File, Format Version 12.00
# Visual Studio Version 16
VisualStudioVersion = 16.0.29613.14
MinimumVisualStudioVersion = 10.0.40219.1
Project("{FAE04EC0-301F-11D3-BF4B-00C04F79EFBC}") = "ScottBrady91.BlogExampleCode.AspNetPkce", "ScottBrady91.BlogExampleCode.AspNetPkce\ScottBrady91.BlogExampleCode.AspNetPkce.csproj", "{D23B4FCB-90A9-43D4-B544-D9278AFC163F}"
EndProject
Project("{9A19103F-16F7-4668-BE54-9A1E7A4F7556}") = "IdentityServer", "IdentityServer\IdentityServer.csproj", "{FF4707EA-CC62-4E58-9413-D92BBA6B52F0}"
EndProject
Global
	GlobalSection(SolutionConfigurationPlatforms) = preSolution
		Debug|Any CPU = Debug|Any CPU
		Release|Any CPU = Release|Any CPU
	EndGlobalSection
	GlobalSection(ProjectConfigurationPlatforms) = postSolution
		{D23B4FCB-90A9-43D4-B544-D9278AFC163F}.Debug|Any CPU.ActiveCfg = Debug|Any CPU
		{D23B4FCB-90A9-43D4-B544-D9278AFC163F}.Debug|Any CPU.Build.0 = Debug|Any CPU
		{D23B4FCB-90A9-43D4-B544-D9278AFC163F}.Release|Any CPU.ActiveCfg = Release|Any CPU
		{D23B4FCB-90A9-43D4-B544-D9278AFC163F}.Release|Any CPU.Build.0 = Release|Any CPU
		{FF4707EA-CC62-4E58-9413-D92BBA6B52F0}.Debug|Any CPU.ActiveCfg = Debug|Any CPU
		{FF4707EA-CC62-4E58-9413-D92BBA6B52F0}.Debug|Any CPU.Build.0 = Debug|Any CPU
		{FF4707EA-CC62-4E58-9413-D92BBA6B52F0}.Release|Any CPU.ActiveCfg = Release|Any CPU
		{FF4707EA-CC62-4E58-9413-D92BBA6B52F0}.Release|Any CPU.Build.0 = Release|Any CPU
	EndGlobalSection
	GlobalSection(SolutionProperties) = preSolution
		HideSolutionNode = FALSE
	EndGlobalSection
	GlobalSection(ExtensibilityGlobals) = postSolution
		SolutionGuid = {F499DD5C-48EF-4058-8B45-FB6AD31E7BB9}
	EndGlobalSection
EndGlobal
