
Microsoft Visual Studio Solution File, Format Version 12.00
# Visual Studio 2013
VisualStudioVersion = 12.0.40629.0
MinimumVisualStudioVersion = 10.0.40219.1
Project("{FAE04EC0-301F-11D3-BF4B-00C04F79EFBC}") = "ScottBrady91.BlogExampleCode.OwinMiddleware", "ScottBrady91.BlogExampleCode.OwinMiddleware\ScottBrady91.BlogExampleCode.OwinMiddleware.csproj", "{59B79A61-DFD9-4FD5-B405-AFCFF4F88D85}"
EndProject
Global
	GlobalSection(SolutionConfigurationPlatforms) = preSolution
		Debug|Any CPU = Debug|Any CPU
		Release|Any CPU = Release|Any CPU
	EndGlobalSection
	GlobalSection(ProjectConfigurationPlatforms) = postSolution
		{59B79A61-DFD9-4FD5-B405-AFCFF4F88D85}.Debug|Any CPU.ActiveCfg = Debug|Any CPU
		{59B79A61-DFD9-4FD5-B405-AFCFF4F88D85}.Debug|Any CPU.Build.0 = Debug|Any CPU
		{59B79A61-DFD9-4FD5-B405-AFCFF4F88D85}.Release|Any CPU.ActiveCfg = Release|Any CPU
		{59B79A61-DFD9-4FD5-B405-AFCFF4F88D85}.Release|Any CPU.Build.0 = Release|Any CPU
	EndGlobalSection
	GlobalSection(SolutionProperties) = preSolution
		HideSolutionNode = FALSE
	EndGlobalSection
EndGlobal
