
Microsoft Visual Studio Solution File, Format Version 12.00
# Visual Studio Version 16
VisualStudioVersion = 16.0.30114.105
MinimumVisualStudioVersion = 10.0.40219.1
Project("{FAE04EC0-301F-11D3-BF4B-00C04F79EFBC}") = "ScottBrady.Samples.Jwt", "ScottBrady.Samples.Jwt\ScottBrady.Samples.Jwt.csproj", "{7B241A76-6F0A-4A32-963F-3AB0DFB6FC4B}"
EndProject
Project("{FAE04EC0-301F-11D3-BF4B-00C04F79EFBC}") = "ScottBrady.Samples.Jwt.AspNetCore", "ScottBrady.Samples.Jwt.AspNetCore\ScottBrady.Samples.Jwt.AspNetCore.csproj", "{9F9BD20D-6645-4825-A9AA-015A3F1F4BC4}"
EndProject
Global
	GlobalSection(SolutionConfigurationPlatforms) = preSolution
		Debug|Any CPU = Debug|Any CPU
		Release|Any CPU = Release|Any CPU
	EndGlobalSection
	GlobalSection(SolutionProperties) = preSolution
		HideSolutionNode = FALSE
	EndGlobalSection
	GlobalSection(ProjectConfigurationPlatforms) = postSolution
		{7B241A76-6F0A-4A32-963F-3AB0DFB6FC4B}.Debug|Any CPU.ActiveCfg = Debug|Any CPU
		{7B241A76-6F0A-4A32-963F-3AB0DFB6FC4B}.Debug|Any CPU.Build.0 = Debug|Any CPU
		{7B241A76-6F0A-4A32-963F-3AB0DFB6FC4B}.Release|Any CPU.ActiveCfg = Release|Any CPU
		{7B241A76-6F0A-4A32-963F-3AB0DFB6FC4B}.Release|Any CPU.Build.0 = Release|Any CPU
		{9F9BD20D-6645-4825-A9AA-015A3F1F4BC4}.Debug|Any CPU.ActiveCfg = Debug|Any CPU
		{9F9BD20D-6645-4825-A9AA-015A3F1F4BC4}.Debug|Any CPU.Build.0 = Debug|Any CPU
		{9F9BD20D-6645-4825-A9AA-015A3F1F4BC4}.Release|Any CPU.ActiveCfg = Release|Any CPU
		{9F9BD20D-6645-4825-A9AA-015A3F1F4BC4}.Release|Any CPU.Build.0 = Release|Any CPU
	EndGlobalSection
EndGlobal
