
Microsoft Visual Studio Solution File, Format Version 12.00
# Visual Studio Version 16
VisualStudioVersion = 16.0.29403.142
MinimumVisualStudioVersion = 10.0.40219.1
Project("{FAE04EC0-301F-11D3-BF4B-00C04F79EFBC}") = "ScottBrady91.BlogExampleCode.CustomJwtAlgorithm", "ScottBrady91.BlogExampleCode.CustomJwtAlgorithm.csproj", "{26C94517-6886-4ACB-8512-9DF523473CB9}"
EndProject
Global
	GlobalSection(SolutionConfigurationPlatforms) = preSolution
		Debug|Any CPU = Debug|Any CPU
		Release|Any CPU = Release|Any CPU
	EndGlobalSection
	GlobalSection(ProjectConfigurationPlatforms) = postSolution
		{26C94517-6886-4ACB-8512-9DF523473CB9}.Debug|Any CPU.ActiveCfg = Debug|Any CPU
		{26C94517-6886-4ACB-8512-9DF523473CB9}.Debug|Any CPU.Build.0 = Debug|Any CPU
		{26C94517-6886-4ACB-8512-9DF523473CB9}.Release|Any CPU.ActiveCfg = Release|Any CPU
		{26C94517-6886-4ACB-8512-9DF523473CB9}.Release|Any CPU.Build.0 = Release|Any CPU
	EndGlobalSection
	GlobalSection(SolutionProperties) = preSolution
		HideSolutionNode = FALSE
	EndGlobalSection
	GlobalSection(ExtensibilityGlobals) = postSolution
		SolutionGuid = {7F8B9568-90F0-4A39-A1B7-692046BF0A90}
	EndGlobalSection
EndGlobal
