
Microsoft Visual Studio Solution File, Format Version 12.00
# Visual Studio 15
VisualStudioVersion = 15.0.28307.271
MinimumVisualStudioVersion = 10.0.40219.1
Project("{FAE04EC0-301F-11D3-BF4B-00C04F79EFBC}") = "ScottBrady91.BlogExampleCode.Jwe", "ScottBrady91.BlogExampleCode.Jwe\ScottBrady91.BlogExampleCode.Jwe.csproj", "{548770CC-9A5C-4570-9320-04DF084AF5BE}"
EndProject
Global
	GlobalSection(SolutionConfigurationPlatforms) = preSolution
		Debug|Any CPU = Debug|Any CPU
		Release|Any CPU = Release|Any CPU
	EndGlobalSection
	GlobalSection(ProjectConfigurationPlatforms) = postSolution
		{548770CC-9A5C-4570-9320-04DF084AF5BE}.Debug|Any CPU.ActiveCfg = Debug|Any CPU
		{548770CC-9A5C-4570-9320-04DF084AF5BE}.Debug|Any CPU.Build.0 = Debug|Any CPU
		{548770CC-9A5C-4570-9320-04DF084AF5BE}.Release|Any CPU.ActiveCfg = Release|Any CPU
		{548770CC-9A5C-4570-9320-04DF084AF5BE}.Release|Any CPU.Build.0 = Release|Any CPU
	EndGlobalSection
	GlobalSection(SolutionProperties) = preSolution
		HideSolutionNode = FALSE
	EndGlobalSection
	GlobalSection(ExtensibilityGlobals) = postSolution
		SolutionGuid = {5F02898E-C54F-42FB-AE07-6E720D67F034}
	EndGlobalSection
EndGlobal
